// !$*UTF8*$!
{
	archiveVersion = 1;
	classes = {
	};
	objectVersion = 46;
	objects = {

/* Begin PBXBuildFile section */
		9202EEDB1F8239D100DA7268 /* main.m in Sources */ = {isa = PBXBuildFile; fileRef = 9202EEDA1F8239D100DA7268 /* main.m */; };
		9202EEDE1F8239D100DA7268 /* AppDelegate.m in Sources */ = {isa = PBXBuildFile; fileRef = 9202EEDD1F8239D100DA7268 /* AppDelegate.m */; };
		9202EEE11F8239D100DA7268 /* ViewController.m in Sources */ = {isa = PBXBuildFile; fileRef = 9202EEE01F8239D100DA7268 /* ViewController.m */; };
		9202EEE41F8239D100DA7268 /* Main.storyboard in Resources */ = {isa = PBXBuildFile; fileRef = 9202EEE21F8239D100DA7268 /* Main.storyboard */; };
		9202EEE61F8239D100DA7268 /* Assets.xcassets in Resources */ = {isa = PBXBuildFile; fileRef = 9202EEE51F8239D100DA7268 /* Assets.xcassets */; };
		9202EEE91F8239D100DA7268 /* LaunchScreen.storyboard in Resources */ = {isa = PBXBuildFile; fileRef = 9202EEE71F8239D100DA7268 /* LaunchScreen.storyboard */; };
		9202EEF41F823B4700DA7268 /* UserInfo.m in Sources */ = {isa = PBXBuildFile; fileRef = 9202EEF31F823B4700DA7268 /* UserInfo.m */; };
		9202EEF71F823F3700DA7268 /* FastCoder.m in Sources */ = {isa = PBXBuildFile; fileRef = 9202EEF61F823F3700DA7268 /* FastCoder.m */; settings = {COMPILER_FLAGS = "-fno-objc-arc"; }; };
		9202EEFA1F823FED00DA7268 /* PersonCenter.m in Sources */ = {isa = PBXBuildFile; fileRef = 9202EEF91F823FED00DA7268 /* PersonCenter.m */; };
/* End PBXBuildFile section */

/* Begin PBXFileReference section */
		9202EED61F8239D100DA7268 /* SingletonDemo.app */ = {isa = PBXFileReference; explicitFileType = wrapper.application; includeInIndex = 0; path = SingletonDemo.app; sourceTree = BUILT_PRODUCTS_DIR; };
		9202EEDA1F8239D100DA7268 /* main.m */ = {isa = PBXFileReference; lastKnownFileType = sourcecode.c.objc; path = main.m; sourceTree = "<group>"; };
		9202EEDC1F8239D100DA7268 /* AppDelegate.h */ = {isa = PBXFileReference; lastKnownFileType = sourcecode.c.h; path = AppDelegate.h; sourceTree = "<group>"; };
		9202EEDD1F8239D100DA7268 /* AppDelegate.m */ = {isa = PBXFileReference; lastKnownFileType = sourcecode.c.objc; path = AppDelegate.m; sourceTree = "<group>"; };
		9202EEDF1F8239D100DA7268 /* ViewController.h */ = {isa = PBXFileReference; lastKnownFileType = sourcecode.c.h; path = ViewController.h; sourceTree = "<group>"; };
		9202EEE01F8239D100DA7268 /* ViewController.m */ = {isa = PBXFileReference; lastKnownFileType = sourcecode.c.objc; path = ViewController.m; sourceTree = "<group>"; };
		9202EEE31F8239D100DA7268 /* Base */ = {isa = PBXFileReference; lastKnownFileType = file.storyboard; name = Base; path = Base.lproj/Main.storyboard; sourceTree = "<group>"; };
		9202EEE51F8239D100DA7268 /* Assets.xcassets */ = {isa = PBXFileReference; lastKnownFileType = folder.assetcatalog; path = Assets.xcassets; sourceTree = "<group>"; };
		9202EEE81F8239D100DA7268 /* Base */ = {isa = PBXFileReference; lastKnownFileType = file.storyboard; name = Base; path = Base.lproj/LaunchScreen.storyboard; sourceTree = "<group>"; };
		9202EEEA1F8239D100DA7268 /* Info.plist */ = {isa = PBXFileReference; lastKnownFileType = text.plist.xml; path = Info.plist; sourceTree = "<group>"; };
		9202EEF21F823B4700DA7268 /* UserInfo.h */ = {isa = PBXFileReference; fileEncoding = 4; lastKnownFileType = sourcecode.c.h; path = UserInfo.h; sourceTree = "<group>"; };
		9202EEF31F823B4700DA7268 /* UserInfo.m */ = {isa = PBXFileReference; fileEncoding = 4; lastKnownFileType = sourcecode.c.objc; path = UserInfo.m; sourceTree = "<group>"; };
		9202EEF51F823F3700DA7268 /* FastCoder.h */ = {isa = PBXFileReference; fileEncoding = 4; lastKnownFileType = sourcecode.c.h; path = FastCoder.h; sourceTree = "<group>"; };
		9202EEF61F823F3700DA7268 /* FastCoder.m */ = {isa = PBXFileReference; fileEncoding = 4; lastKnownFileType = sourcecode.c.objc; path = FastCoder.m; sourceTree = "<group>"; };
		9202EEF81F823FED00DA7268 /* PersonCenter.h */ = {isa = PBXFileReference; fileEncoding = 4; lastKnownFileType = sourcecode.c.h; path = PersonCenter.h; sourceTree = "<group>"; };
		9202EEF91F823FED00DA7268 /* PersonCenter.m */ = {isa = PBXFileReference; fileEncoding = 4; lastKnownFileType = sourcecode.c.objc; path = PersonCenter.m; sourceTree = "<group>"; };
/* End PBXFileReference section */

/* Begin PBXFrameworksBuildPhase section */
		9202EED31F8239D100DA7268 /* Frameworks */ = {
			isa = PBXFrameworksBuildPhase;
			buildActionMask = 2147483647;
			files = (
			);
			runOnlyForDeploymentPostprocessing = 0;
		};
/* End PBXFrameworksBuildPhase section */

/* Begin PBXGroup section */
		9202EECD1F8239D100DA7268 = {
			isa = PBXGroup;
			children = (
				9202EED81F8239D100DA7268 /* SingletonDemo */,
				9202EED71F8239D100DA7268 /* Products */,
			);
			sourceTree = "<group>";
		};
		9202EED71F8239D100DA7268 /* Products */ = {
			isa = PBXGroup;
			children = (
				9202EED61F8239D100DA7268 /* SingletonDemo.app */,
			);
			name = Products;
			sourceTree = "<group>";
		};
		9202EED81F8239D100DA7268 /* SingletonDemo */ = {
			isa = PBXGroup;
			children = (
				9202EEF01F823B2B00DA7268 /* classes */,
				9202EEDC1F8239D100DA7268 /* AppDelegate.h */,
				9202EEDD1F8239D100DA7268 /* AppDelegate.m */,
				9202EEDF1F8239D100DA7268 /* ViewController.h */,
				9202EEE01F8239D100DA7268 /* ViewController.m */,
				9202EEE21F8239D100DA7268 /* Main.storyboard */,
				9202EEE51F8239D100DA7268 /* Assets.xcassets */,
				9202EEE71F8239D100DA7268 /* LaunchScreen.storyboard */,
				9202EEEA1F8239D100DA7268 /* Info.plist */,
				9202EED91F8239D100DA7268 /* Supporting Files */,
			);
			path = SingletonDemo;
			sourceTree = "<group>";
		};
		9202EED91F8239D100DA7268 /* Supporting Files */ = {
			isa = PBXGroup;
			children = (
				9202EEDA1F8239D100DA7268 /* main.m */,
			);
			name = "Supporting Files";
			sourceTree = "<group>";
		};
		9202EEF01F823B2B00DA7268 /* classes */ = {
			isa = PBXGroup;
			children = (
				9202EEF11F823B2B00DA7268 /* 单列 */,
			);
			path = classes;
			sourceTree = "<group>";
		};
		9202EEF11F823B2B00DA7268 /* 单列 */ = {
			isa = PBXGroup;
			children = (
				9202EEF51F823F3700DA7268 /* FastCoder.h */,
				9202EEF61F823F3700DA7268 /* FastCoder.m */,
				9202EEF21F823B4700DA7268 /* UserInfo.h */,
				9202EEF31F823B4700DA7268 /* UserInfo.m */,
				9202EEF81F823FED00DA7268 /* PersonCenter.h */,
				9202EEF91F823FED00DA7268 /* PersonCenter.m */,
			);
			path = "单列";
			sourceTree = "<group>";
		};
/* End PBXGroup section */

/* Begin PBXNativeTarget section */
		9202EED51F8239D100DA7268 /* SingletonDemo */ = {
			isa = PBXNativeTarget;
			buildConfigurationList = 9202EEED1F8239D100DA7268 /* Build configuration list for PBXNativeTarget "SingletonDemo" */;
			buildPhases = (
				9202EED21F8239D100DA7268 /* Sources */,
				9202EED31F8239D100DA7268 /* Frameworks */,
				9202EED41F8239D100DA7268 /* Resources */,
			);
			buildRules = (
			);
			dependencies = (
			);
			name = SingletonDemo;
			productName = SingletonDemo;
			productReference = 9202EED61F8239D100DA7268 /* SingletonDemo.app */;
			productType = "com.apple.product-type.application";
		};
/* End PBXNativeTarget section */

/* Begin PBXProject section */
		9202EECE1F8239D100DA7268 /* Project object */ = {
			isa = PBXProject;
			attributes = {
				LastUpgradeCheck = 0830;
				ORGANIZATIONNAME = shenzhen;
				TargetAttributes = {
					9202EED51F8239D100DA7268 = {
						CreatedOnToolsVersion = 8.3.2;
						ProvisioningStyle = Automatic;
					};
				};
			};
			buildConfigurationList = 9202EED11F8239D100DA7268 /* Build configuration list for PBXProject "SingletonDemo" */;
			compatibilityVersion = "Xcode 3.2";
			developmentRegion = English;
			hasScannedForEncodings = 0;
			knownRegions = (
				en,
				Base,
			);
			mainGroup = 9202EECD1F8239D100DA7268;
			productRefGroup = 9202EED71F8239D100DA7268 /* Products */;
			projectDirPath = "";
			projectRoot = "";
			targets = (
				9202EED51F8239D100DA7268 /* SingletonDemo */,
			);
		};
/* End PBXProject section */

/* Begin PBXResourcesBuildPhase section */
		9202EED41F8239D100DA7268 /* Resources */ = {
			isa = PBXResourcesBuildPhase;
			buildActionMask = 2147483647;
			files = (
				9202EEE91F8239D100DA7268 /* LaunchScreen.storyboard in Resources */,
				9202EEE61F8239D100DA7268 /* Assets.xcassets in Resources */,
				9202EEE41F8239D100DA7268 /* Main.storyboard in Resources */,
			);
			runOnlyForDeploymentPostprocessing = 0;
		};
/* End PBXResourcesBuildPhase section */

/* Begin PBXSourcesBuildPhase section */
		9202EED21F8239D100DA7268 /* Sources */ = {
			isa = PBXSourcesBuildPhase;
			buildActionMask = 2147483647;
			files = (
				9202EEF41F823B4700DA7268 /* UserInfo.m in Sources */,
				9202EEE11F8239D100DA7268 /* ViewController.m in Sources */,
				9202EEDE1F8239D100DA7268 /* AppDelegate.m in Sources */,
				9202EEF71F823F3700DA7268 /* FastCoder.m in Sources */,
				9202EEDB1F8239D100DA7268 /* main.m in Sources */,
				9202EEFA1F823FED00DA7268 /* PersonCenter.m in Sources */,
			);
			runOnlyForDeploymentPostprocessing = 0;
		};
/* End PBXSourcesBuildPhase section */

/* Begin PBXVariantGroup section */
		9202EEE21F8239D100DA7268 /* Main.storyboard */ = {
			isa = PBXVariantGroup;
			children = (
				9202EEE31F8239D100DA7268 /* Base */,
			);
			name = Main.storyboard;
			sourceTree = "<group>";
		};
		9202EEE71F8239D100DA7268 /* LaunchScreen.storyboard */ = {
			isa = PBXVariantGroup;
			children = (
				9202EEE81F8239D100DA7268 /* Base */,
			);
			name = LaunchScreen.storyboard;
			sourceTree = "<group>";
		};
/* End PBXVariantGroup section */

/* Begin XCBuildConfiguration section */
		9202EEEB1F8239D100DA7268 /* Debug */ = {
			isa = XCBuildConfiguration;
			buildSettings = {
				ALWAYS_SEARCH_USER_PATHS = NO;
				CLANG_ANALYZER_NONNULL = YES;
				CLANG_ANALYZER_NUMBER_OBJECT_CONVERSION = YES_AGGRESSIVE;
				CLANG_CXX_LANGUAGE_STANDARD = "gnu++0x";
				CLANG_CXX_LIBRARY = "libc++";
				CLANG_ENABLE_MODULES = YES;
				CLANG_ENABLE_OBJC_ARC = YES;
				CLANG_WARN_BOOL_CONVERSION = YES;
				CLANG_WARN_CONSTANT_CONVERSION = YES;
				CLANG_WARN_DIRECT_OBJC_ISA_USAGE = YES_ERROR;
				CLANG_WARN_DOCUMENTATION_COMMENTS = YES;
				CLANG_WARN_EMPTY_BODY = YES;
				CLANG_WARN_ENUM_CONVERSION = YES;
				CLANG_WARN_INFINITE_RECURSION = YES;
				CLANG_WARN_INT_CONVERSION = YES;
				CLANG_WARN_OBJC_ROOT_CLASS = YES_ERROR;
				CLANG_WARN_SUSPICIOUS_MOVE = YES;
				CLANG_WARN_UNREACHABLE_CODE = YES;
				CLANG_WARN__DUPLICATE_METHOD_MATCH = YES;
				"CODE_SIGN_IDENTITY[sdk=iphoneos*]" = "iPhone Developer";
				COPY_PHASE_STRIP = NO;
				DEBUG_INFORMATION_FORMAT = dwarf;
				ENABLE_STRICT_OBJC_MSGSEND = YES;
				ENABLE_TESTABILITY = YES;
				GCC_C_LANGUAGE_STANDARD = gnu99;
				GCC_DYNAMIC_NO_PIC = NO;
				GCC_NO_COMMON_BLOCKS = YES;
				GCC_OPTIMIZATION_LEVEL = 0;
				GCC_PREPROCESSOR_DEFINITIONS = (
					"DEBUG=1",
					"$(inherited)",
				);
				GCC_WARN_64_TO_32_BIT_CONVERSION = YES;
				GCC_WARN_ABOUT_RETURN_TYPE = YES_ERROR;
				GCC_WARN_UNDECLARED_SELECTOR = YES;
				GCC_WARN_UNINITIALIZED_AUTOS = YES_AGGRESSIVE;
				GCC_WARN_UNUSED_FUNCTION = YES;
				GCC_WARN_UNUSED_VARIABLE = YES;
				IPHONEOS_DEPLOYMENT_TARGET = 10.3;
				MTL_ENABLE_DEBUG_INFO = YES;
				ONLY_ACTIVE_ARCH = YES;
				SDKROOT = iphoneos;
			};
			name = Debug;
		};
		9202EEEC1F8239D100DA7268 /* Release */ = {
			isa = XCBuildConfiguration;
			buildSettings = {
				ALWAYS_SEARCH_USER_PATHS = NO;
				CLANG_ANALYZER_NONNULL = YES;
				CLANG_ANALYZER_NUMBER_OBJECT_CONVERSION = YES_AGGRESSIVE;
				CLANG_CXX_LANGUAGE_STANDARD = "gnu++0x";
				CLANG_CXX_LIBRARY = "libc++";
				CLANG_ENABLE_MODULES = YES;
				CLANG_ENABLE_OBJC_ARC = YES;
				CLANG_WARN_BOOL_CONVERSION = YES;
				CLANG_WARN_CONSTANT_CONVERSION = YES;
				CLANG_WARN_DIRECT_OBJC_ISA_USAGE = YES_ERROR;
				CLANG_WARN_DOCUMENTATION_COMMENTS = YES;
				CLANG_WARN_EMPTY_BODY = YES;
				CLANG_WARN_ENUM_CONVERSION = YES;
				CLANG_WARN_INFINITE_RECURSION = YES;
				CLANG_WARN_INT_CONVERSION = YES;
				CLANG_WARN_OBJC_ROOT_CLASS = YES_ERROR;
				CLANG_WARN_SUSPICIOUS_MOVE = YES;
				CLANG_WARN_UNREACHABLE_CODE = YES;
				CLANG_WARN__DUPLICATE_METHOD_MATCH = YES;
				"CODE_SIGN_IDENTITY[sdk=iphoneos*]" = "iPhone Developer";
				COPY_PHASE_STRIP = NO;
				DEBUG_INFORMATION_FORMAT = "dwarf-with-dsym";
				ENABLE_NS_ASSERTIONS = NO;
				ENABLE_STRICT_OBJC_MSGSEND = YES;
				GCC_C_LANGUAGE_STANDARD = gnu99;
				GCC_NO_COMMON_BLOCKS = YES;
				GCC_WARN_64_TO_32_BIT_CONVERSION = YES;
				GCC_WARN_ABOUT_RETURN_TYPE = YES_ERROR;
				GCC_WARN_UNDECLARED_SELECTOR = YES;
				GCC_WARN_UNINITIALIZED_AUTOS = YES_AGGRESSIVE;
				GCC_WARN_UNUSED_FUNCTION = YES;
				GCC_WARN_UNUSED_VARIABLE = YES;
				IPHONEOS_DEPLOYMENT_TARGET = 10.3;
				MTL_ENABLE_DEBUG_INFO = NO;
				SDKROOT = iphoneos;
				VALIDATE_PRODUCT = YES;
			};
			name = Release;
		};
		9202EEEE1F8239D100DA7268 /* Debug */ = {
			isa = XCBuildConfiguration;
			buildSettings = {
				ASSETCATALOG_COMPILER_APPICON_NAME = AppIcon;
				INFOPLIST_FILE = SingletonDemo/Info.plist;
				LD_RUNPATH_SEARCH_PATHS = "$(inherited) @executable_path/Frameworks";
				PRODUCT_BUNDLE_IDENTIFIER = com.shenzhen.SingletonDemo;
				PRODUCT_NAME = "$(TARGET_NAME)";
			};
			name = Debug;
		};
		9202EEEF1F8239D100DA7268 /* Release */ = {
			isa = XCBuildConfiguration;
			buildSettings = {
				ASSETCATALOG_COMPILER_APPICON_NAME = AppIcon;
				INFOPLIST_FILE = SingletonDemo/Info.plist;
				LD_RUNPATH_SEARCH_PATHS = "$(inherited) @executable_path/Frameworks";
				PRODUCT_BUNDLE_IDENTIFIER = com.shenzhen.SingletonDemo;
				PRODUCT_NAME = "$(TARGET_NAME)";
			};
			name = Release;
		};
/* End XCBuildConfiguration section */

/* Begin XCConfigurationList section */
		9202EED11F8239D100DA7268 /* Build configuration list for PBXProject "SingletonDemo" */ = {
			isa = XCConfigurationList;
			buildConfigurations = (
				9202EEEB1F8239D100DA7268 /* Debug */,
				9202EEEC1F8239D100DA7268 /* Release */,
			);
			defaultConfigurationIsVisible = 0;
			defaultConfigurationName = Release;
		};
		9202EEED1F8239D100DA7268 /* Build configuration list for PBXNativeTarget "SingletonDemo" */ = {
			isa = XCConfigurationList;
			buildConfigurations = (
				9202EEEE1F8239D100DA7268 /* Debug */,
				9202EEEF1F8239D100DA7268 /* Release */,
			);
			defaultConfigurationIsVisible = 0;
		};
/* End XCConfigurationList section */
	};
	rootObject = 9202EECE1F8239D100DA7268 /* Project object */;
}
